{
  "name": "tidy-tree",
  "version": "1.0.0",
  "lockfileVersion": 1,
  "requires": true,
  "dependencies": {
    "@microsoft/tsdoc": {
      "version": "0.12.16",
      "resolved": "https://registry.npmjs.org/@microsoft/tsdoc/-/tsdoc-0.12.16.tgz",
      "integrity": "sha512-SX8JNEVy6U5+56aQnQB8A2XK+WSF//b0kBa6KqxE48pcccqVuIu1ePAR/EWd1cQB6zWv26QIY5uv/++qm+Z3Mw==",
      "dev": true
    }
  }
}
